
Microsoft Visual Studio Solution File, Format Version 12.00
Project("{FAE04EC0-301F-11D3-BF4B-00C04F79EFBC}") = "BlueCube.Identity", "BlueCube.Identity\BlueCube.Identity.csproj", "{ED1F8035-3134-4977-9B42-D63A657D48D2}"
EndProject
Global
	GlobalSection(SolutionConfigurationPlatforms) = preSolution
		Debug|Any CPU = Debug|Any CPU
		Release|Any CPU = Release|Any CPU
	EndGlobalSection
	GlobalSection(ProjectConfigurationPlatforms) = postSolution
		{ED1F8035-3134-4977-9B42-D63A657D48D2}.Debug|Any CPU.ActiveCfg = Debug|Any CPU
		{ED1F8035-3134-4977-9B42-D63A657D48D2}.Debug|Any CPU.Build.0 = Debug|Any CPU
		{ED1F8035-3134-4977-9B42-D63A657D48D2}.Release|Any CPU.ActiveCfg = Release|Any CPU
		{ED1F8035-3134-4977-9B42-D63A657D48D2}.Release|Any CPU.Build.0 = Release|Any CPU
	EndGlobalSection
EndGlobal
